// !$*UTF8*$!
{
	archiveVersion = 1;
	classes = {
	};
	objectVersion = 50;
	objects = {

/* Begin PBXBuildFile section */
		F19C32172111FEF400D8686F /* AppDelegate.swift in Sources */ = {isa = PBXBuildFile; fileRef = F19C32162111FEF400D8686F /* AppDelegate.swift */; };
		F19C32192111FEF400D8686F /* ViewController.swift in Sources */ = {isa = PBXBuildFile; fileRef = F19C32182111FEF400D8686F /* ViewController.swift */; };
		F19C321C2111FEF400D8686F /* Main.storyboard in Resources */ = {isa = PBXBuildFile; fileRef = F19C321A2111FEF400D8686F /* Main.storyboard */; };
		F19C321E2111FEF600D8686F /* Assets.xcassets in Resources */ = {isa = PBXBuildFile; fileRef = F19C321D2111FEF600D8686F /* Assets.xcassets */; };
		F19C32212111FEF600D8686F /* LaunchScreen.storyboard in Resources */ = {isa = PBXBuildFile; fileRef = F19C321F2111FEF600D8686F /* LaunchScreen.storyboard */; };
		F19C32292111FFFA00D8686F /* CelticCrossViewController.swift in Sources */ = {isa = PBXBuildFile; fileRef = F19C32282111FFFA00D8686F /* CelticCrossViewController.swift */; };
/* End PBXBuildFile section */

/* Begin PBXFileReference section */
		F19C32132111FEF400D8686F /* CelticCrossTarot.app */ = {isa = PBXFileReference; explicitFileType = wrapper.application; includeInIndex = 0; path = CelticCrossTarot.app; sourceTree = BUILT_PRODUCTS_DIR; };
		F19C32162111FEF400D8686F /* AppDelegate.swift */ = {isa = PBXFileReference; lastKnownFileType = sourcecode.swift; path = AppDelegate.swift; sourceTree = "<group>"; };
		F19C32182111FEF400D8686F /* ViewController.swift */ = {isa = PBXFileReference; lastKnownFileType = sourcecode.swift; path = ViewController.swift; sourceTree = "<group>"; };
		F19C321B2111FEF400D8686F /* Base */ = {isa = PBXFileReference; lastKnownFileType = file.storyboard; name = Base; path = Base.lproj/Main.storyboard; sourceTree = "<group>"; };
		F19C321D2111FEF600D8686F /* Assets.xcassets */ = {isa = PBXFileReference; lastKnownFileType = folder.assetcatalog; path = Assets.xcassets; sourceTree = "<group>"; };
		F19C32202111FEF600D8686F /* Base */ = {isa = PBXFileReference; lastKnownFileType = file.storyboard; name = Base; path = Base.lproj/LaunchScreen.storyboard; sourceTree = "<group>"; };
		F19C32222111FEF600D8686F /* Info.plist */ = {isa = PBXFileReference; lastKnownFileType = text.plist.xml; path = Info.plist; sourceTree = "<group>"; };
		F19C32282111FFFA00D8686F /* CelticCrossViewController.swift */ = {isa = PBXFileReference; lastKnownFileType = sourcecode.swift; path = CelticCrossViewController.swift; sourceTree = "<group>"; };
/* End PBXFileReference section */

/* Begin PBXFrameworksBuildPhase section */
		F19C32102111FEF400D8686F /* Frameworks */ = {
			isa = PBXFrameworksBuildPhase;
			buildActionMask = 2147483647;
			files = (
			);
			runOnlyForDeploymentPostprocessing = 0;
		};
/* End PBXFrameworksBuildPhase section */

/* Begin PBXGroup section */
		F19C320A2111FEF400D8686F = {
			isa = PBXGroup;
			children = (
				F19C32152111FEF400D8686F /* CelticCrossTarot */,
				F19C32142111FEF400D8686F /* Products */,
			);
			sourceTree = "<group>";
		};
		F19C32142111FEF400D8686F /* Products */ = {
			isa = PBXGroup;
			children = (
				F19C32132111FEF400D8686F /* CelticCrossTarot.app */,
			);
			name = Products;
			sourceTree = "<group>";
		};
		F19C32152111FEF400D8686F /* CelticCrossTarot */ = {
			isa = PBXGroup;
			children = (
				F19C32162111FEF400D8686F /* AppDelegate.swift */,
				F19C32182111FEF400D8686F /* ViewController.swift */,
				F19C321A2111FEF400D8686F /* Main.storyboard */,
				F19C32282111FFFA00D8686F /* CelticCrossViewController.swift */,
				F19C321D2111FEF600D8686F /* Assets.xcassets */,
				F19C321F2111FEF600D8686F /* LaunchScreen.storyboard */,
				F19C32222111FEF600D8686F /* Info.plist */,
			);
			path = CelticCrossTarot;
			sourceTree = "<group>";
		};
/* End PBXGroup section */

/* Begin PBXNativeTarget section */
		F19C32122111FEF400D8686F /* CelticCrossTarot */ = {
			isa = PBXNativeTarget;
			buildConfigurationList = F19C32252111FEF600D8686F /* Build configuration list for PBXNativeTarget "CelticCrossTarot" */;
			buildPhases = (
				F19C320F2111FEF400D8686F /* Sources */,
				F19C32102111FEF400D8686F /* Frameworks */,
				F19C32112111FEF400D8686F /* Resources */,
			);
			buildRules = (
			);
			dependencies = (
			);
			name = CelticCrossTarot;
			productName = CelticCrossTarot;
			productReference = F19C32132111FEF400D8686F /* CelticCrossTarot.app */;
			productType = "com.apple.product-type.application";
		};
/* End PBXNativeTarget section */

/* Begin PBXProject section */
		F19C320B2111FEF400D8686F /* Project object */ = {
			isa = PBXProject;
			attributes = {
				LastSwiftUpdateCheck = 1000;
				LastUpgradeCheck = 1000;
				ORGANIZATIONNAME = Greenybox;
				TargetAttributes = {
					F19C32122111FEF400D8686F = {
						CreatedOnToolsVersion = 10.0;
					};
				};
			};
			buildConfigurationList = F19C320E2111FEF400D8686F /* Build configuration list for PBXProject "CelticCrossTarot" */;
			compatibilityVersion = "Xcode 9.3";
			developmentRegion = en;
			hasScannedForEncodings = 0;
			knownRegions = (
				en,
				Base,
			);
			mainGroup = F19C320A2111FEF400D8686F;
			productRefGroup = F19C32142111FEF400D8686F /* Products */;
			projectDirPath = "";
			projectRoot = "";
			targets = (
				F19C32122111FEF400D8686F /* CelticCrossTarot */,
			);
		};
/* End PBXProject section */

/* Begin PBXResourcesBuildPhase section */
		F19C32112111FEF400D8686F /* Resources */ = {
			isa = PBXResourcesBuildPhase;
			buildActionMask = 2147483647;
			files = (
				F19C32212111FEF600D8686F /* LaunchScreen.storyboard in Resources */,
				F19C321E2111FEF600D8686F /* Assets.xcassets in Resources */,
				F19C321C2111FEF400D8686F /* Main.storyboard in Resources */,
			);
			runOnlyForDeploymentPostprocessing = 0;
		};
/* End PBXResourcesBuildPhase section */

/* Begin PBXSourcesBuildPhase section */
		F19C320F2111FEF400D8686F /* Sources */ = {
			isa = PBXSourcesBuildPhase;
			buildActionMask = 2147483647;
			files = (
				F19C32192111FEF400D8686F /* ViewController.swift in Sources */,
				F19C32292111FFFA00D8686F /* CelticCrossViewController.swift in Sources */,
				F19C32172111FEF400D8686F /* AppDelegate.swift in Sources */,
			);
			runOnlyForDeploymentPostprocessing = 0;
		};
/* End PBXSourcesBuildPhase section */

/* Begin PBXVariantGroup section */
		F19C321A2111FEF400D8686F /* Main.storyboard */ = {
			isa = PBXVariantGroup;
			children = (
				F19C321B2111FEF400D8686F /* Base */,
			);
			name = Main.storyboard;
			sourceTree = "<group>";
		};
		F19C321F2111FEF600D8686F /* LaunchScreen.storyboard */ = {
			isa = PBXVariantGroup;
			children = (
				F19C32202111FEF600D8686F /* Base */,
			);
			name = LaunchScreen.storyboard;
			sourceTree = "<group>";
		};
/* End PBXVariantGroup section */

/* Begin XCBuildConfiguration section */
		F19C32232111FEF600D8686F /* Debug */ = {
			isa = XCBuildConfiguration;
			buildSettings = {
				ALWAYS_SEARCH_USER_PATHS = NO;
				CLANG_ANALYZER_NONNULL = YES;
				CLANG_ANALYZER_NUMBER_OBJECT_CONVERSION = YES_AGGRESSIVE;
				CLANG_CXX_LANGUAGE_STANDARD = "gnu++14";
				CLANG_CXX_LIBRARY = "libc++";
				CLANG_ENABLE_MODULES = YES;
				CLANG_ENABLE_OBJC_ARC = YES;
				CLANG_ENABLE_OBJC_WEAK = YES;
				CLANG_WARN_BLOCK_CAPTURE_AUTORELEASING = YES;
				CLANG_WARN_BOOL_CONVERSION = YES;
				CLANG_WARN_COMMA = YES;
				CLANG_WARN_CONSTANT_CONVERSION = YES;
				CLANG_WARN_DEPRECATED_OBJC_IMPLEMENTATIONS = YES;
				CLANG_WARN_DIRECT_OBJC_ISA_USAGE = YES_ERROR;
				CLANG_WARN_DOCUMENTATION_COMMENTS = YES;
				CLANG_WARN_EMPTY_BODY = YES;
				CLANG_WARN_ENUM_CONVERSION = YES;
				CLANG_WARN_INFINITE_RECURSION = YES;
				CLANG_WARN_INT_CONVERSION = YES;
				CLANG_WARN_NON_LITERAL_NULL_CONVERSION = YES;
				CLANG_WARN_OBJC_IMPLICIT_RETAIN_SELF = YES;
				CLANG_WARN_OBJC_LITERAL_CONVERSION = YES;
				CLANG_WARN_OBJC_ROOT_CLASS = YES_ERROR;
				CLANG_WARN_RANGE_LOOP_ANALYSIS = YES;
				CLANG_WARN_STRICT_PROTOTYPES = YES;
				CLANG_WARN_SUSPICIOUS_MOVE = YES;
				CLANG_WARN_UNGUARDED_AVAILABILITY = YES_AGGRESSIVE;
				CLANG_WARN_UNREACHABLE_CODE = YES;
				CLANG_WARN__DUPLICATE_METHOD_MATCH = YES;
				CODE_SIGN_IDENTITY = "iPhone Developer";
				COPY_PHASE_STRIP = NO;
				DEBUG_INFORMATION_FORMAT = dwarf;
				ENABLE_STRICT_OBJC_MSGSEND = YES;
				ENABLE_TESTABILITY = YES;
				GCC_C_LANGUAGE_STANDARD = gnu11;
				GCC_DYNAMIC_NO_PIC = NO;
				GCC_NO_COMMON_BLOCKS = YES;
				GCC_OPTIMIZATION_LEVEL = 0;
				GCC_PREPROCESSOR_DEFINITIONS = (
					"DEBUG=1",
					"$(inherited)",
				);
				GCC_WARN_64_TO_32_BIT_CONVERSION = YES;
				GCC_WARN_ABOUT_RETURN_TYPE = YES_ERROR;
				GCC_WARN_UNDECLARED_SELECTOR = YES;
				GCC_WARN_UNINITIALIZED_AUTOS = YES_AGGRESSIVE;
				GCC_WARN_UNUSED_FUNCTION = YES;
				GCC_WARN_UNUSED_VARIABLE = YES;
				IPHONEOS_DEPLOYMENT_TARGET = 12.0;
				MTL_ENABLE_DEBUG_INFO = INCLUDE_SOURCE;
				MTL_FAST_MATH = YES;
				ONLY_ACTIVE_ARCH = YES;
				SDKROOT = iphoneos;
				SWIFT_ACTIVE_COMPILATION_CONDITIONS = DEBUG;
				SWIFT_OPTIMIZATION_LEVEL = "-Onone";
			};
			name = Debug;
		};
		F19C32242111FEF600D8686F /* Release */ = {
			isa = XCBuildConfiguration;
			buildSettings = {
				ALWAYS_SEARCH_USER_PATHS = NO;
				CLANG_ANALYZER_NONNULL = YES;
				CLANG_ANALYZER_NUMBER_OBJECT_CONVERSION = YES_AGGRESSIVE;
				CLANG_CXX_LANGUAGE_STANDARD = "gnu++14";
				CLANG_CXX_LIBRARY = "libc++";
				CLANG_ENABLE_MODULES = YES;
				CLANG_ENABLE_OBJC_ARC = YES;
				CLANG_ENABLE_OBJC_WEAK = YES;
				CLANG_WARN_BLOCK_CAPTURE_AUTORELEASING = YES;
				CLANG_WARN_BOOL_CONVERSION = YES;
				CLANG_WARN_COMMA = YES;
				CLANG_WARN_CONSTANT_CONVERSION = YES;
				CLANG_WARN_DEPRECATED_OBJC_IMPLEMENTATIONS = YES;
				CLANG_WARN_DIRECT_OBJC_ISA_USAGE = YES_ERROR;
				CLANG_WARN_DOCUMENTATION_COMMENTS = YES;
				CLANG_WARN_EMPTY_BODY = YES;
				CLANG_WARN_ENUM_CONVERSION = YES;
				CLANG_WARN_INFINITE_RECURSION = YES;
				CLANG_WARN_INT_CONVERSION = YES;
				CLANG_WARN_NON_LITERAL_NULL_CONVERSION = YES;
				CLANG_WARN_OBJC_IMPLICIT_RETAIN_SELF = YES;
				CLANG_WARN_OBJC_LITERAL_CONVERSION = YES;
				CLANG_WARN_OBJC_ROOT_CLASS = YES_ERROR;
				CLANG_WARN_RANGE_LOOP_ANALYSIS = YES;
				CLANG_WARN_STRICT_PROTOTYPES = YES;
				CLANG_WARN_SUSPICIOUS_MOVE = YES;
				CLANG_WARN_UNGUARDED_AVAILABILITY = YES_AGGRESSIVE;
				CLANG_WARN_UNREACHABLE_CODE = YES;
				CLANG_WARN__DUPLICATE_METHOD_MATCH = YES;
				CODE_SIGN_IDENTITY = "iPhone Developer";
				COPY_PHASE_STRIP = NO;
				DEBUG_INFORMATION_FORMAT = "dwarf-with-dsym";
				ENABLE_NS_ASSERTIONS = NO;
				ENABLE_STRICT_OBJC_MSGSEND = YES;
				GCC_C_LANGUAGE_STANDARD = gnu11;
				GCC_NO_COMMON_BLOCKS = YES;
				GCC_WARN_64_TO_32_BIT_CONVERSION = YES;
				GCC_WARN_ABOUT_RETURN_TYPE = YES_ERROR;
				GCC_WARN_UNDECLARED_SELECTOR = YES;
				GCC_WARN_UNINITIALIZED_AUTOS = YES_AGGRESSIVE;
				GCC_WARN_UNUSED_FUNCTION = YES;
				GCC_WARN_UNUSED_VARIABLE = YES;
				IPHONEOS_DEPLOYMENT_TARGET = 12.0;
				MTL_ENABLE_DEBUG_INFO = NO;
				MTL_FAST_MATH = YES;
				SDKROOT = iphoneos;
				SWIFT_COMPILATION_MODE = wholemodule;
				SWIFT_OPTIMIZATION_LEVEL = "-O";
				VALIDATE_PRODUCT = YES;
			};
			name = Release;
		};
		F19C32262111FEF600D8686F /* Debug */ = {
			isa = XCBuildConfiguration;
			buildSettings = {
				ASSETCATALOG_COMPILER_APPICON_NAME = AppIcon;
				CODE_SIGN_STYLE = Automatic;
				DEVELOPMENT_TEAM = 489FV3VP25;
				INFOPLIST_FILE = CelticCrossTarot/Info.plist;
				IPHONEOS_DEPLOYMENT_TARGET = 11.4;
				LD_RUNPATH_SEARCH_PATHS = (
					"$(inherited)",
					"@executable_path/Frameworks",
				);
				PRODUCT_BUNDLE_IDENTIFIER = com.Greeny.CelticCrossTarot;
				PRODUCT_NAME = "$(TARGET_NAME)";
				SWIFT_VERSION = 4.2;
				TARGETED_DEVICE_FAMILY = 1;
			};
			name = Debug;
		};
		F19C32272111FEF600D8686F /* Release */ = {
			isa = XCBuildConfiguration;
			buildSettings = {
				ASSETCATALOG_COMPILER_APPICON_NAME = AppIcon;
				CODE_SIGN_STYLE = Automatic;
				DEVELOPMENT_TEAM = 489FV3VP25;
				INFOPLIST_FILE = CelticCrossTarot/Info.plist;
				IPHONEOS_DEPLOYMENT_TARGET = 11.4;
				LD_RUNPATH_SEARCH_PATHS = (
					"$(inherited)",
					"@executable_path/Frameworks",
				);
				PRODUCT_BUNDLE_IDENTIFIER = com.Greeny.CelticCrossTarot;
				PRODUCT_NAME = "$(TARGET_NAME)";
				SWIFT_VERSION = 4.2;
				TARGETED_DEVICE_FAMILY = 1;
			};
			name = Release;
		};
/* End XCBuildConfiguration section */

/* Begin XCConfigurationList section */
		F19C320E2111FEF400D8686F /* Build configuration list for PBXProject "CelticCrossTarot" */ = {
			isa = XCConfigurationList;
			buildConfigurations = (
				F19C32232111FEF600D8686F /* Debug */,
				F19C32242111FEF600D8686F /* Release */,
			);
			defaultConfigurationIsVisible = 0;
			defaultConfigurationName = Release;
		};
		F19C32252111FEF600D8686F /* Build configuration list for PBXNativeTarget "CelticCrossTarot" */ = {
			isa = XCConfigurationList;
			buildConfigurations = (
				F19C32262111FEF600D8686F /* Debug */,
				F19C32272111FEF600D8686F /* Release */,
			);
			defaultConfigurationIsVisible = 0;
			defaultConfigurationName = Release;
		};
/* End XCConfigurationList section */
	};
	rootObject = F19C320B2111FEF400D8686F /* Project object */;
}
